
Microsoft Visual Studio Solution File, Format Version 12.00
# Visual Studio Version 16
VisualStudioVersion = 16.0.31129.286
MinimumVisualStudioVersion = 10.0.40219.1
Project("{FAE04EC0-301F-11D3-BF4B-00C04F79EFBC}") = "Prueba.Codifico.NET.Consola", "Prueba.Codifico.NET.Consola\Prueba.Codifico.NET.Consola.csproj", "{6C6E3886-81EA-4052-9A97-D2A32022F879}"
EndProject
Project("{FAE04EC0-301F-11D3-BF4B-00C04F79EFBC}") = "Prueba.Codifico.NET.Logica", "Prueba.Codifico.NET.Logica\Prueba.Codifico.NET.Logica.csproj", "{09097045-B659-4737-8063-F9C2929FECFE}"
EndProject
Global
	GlobalSection(SolutionConfigurationPlatforms) = preSolution
		Debug|Any CPU = Debug|Any CPU
		Release|Any CPU = Release|Any CPU
	EndGlobalSection
	GlobalSection(ProjectConfigurationPlatforms) = postSolution
		{6C6E3886-81EA-4052-9A97-D2A32022F879}.Debug|Any CPU.ActiveCfg = Debug|Any CPU
		{6C6E3886-81EA-4052-9A97-D2A32022F879}.Debug|Any CPU.Build.0 = Debug|Any CPU
		{6C6E3886-81EA-4052-9A97-D2A32022F879}.Release|Any CPU.ActiveCfg = Release|Any CPU
		{6C6E3886-81EA-4052-9A97-D2A32022F879}.Release|Any CPU.Build.0 = Release|Any CPU
		{09097045-B659-4737-8063-F9C2929FECFE}.Debug|Any CPU.ActiveCfg = Debug|Any CPU
		{09097045-B659-4737-8063-F9C2929FECFE}.Debug|Any CPU.Build.0 = Debug|Any CPU
		{09097045-B659-4737-8063-F9C2929FECFE}.Release|Any CPU.ActiveCfg = Release|Any CPU
		{09097045-B659-4737-8063-F9C2929FECFE}.Release|Any CPU.Build.0 = Release|Any CPU
	EndGlobalSection
	GlobalSection(SolutionProperties) = preSolution
		HideSolutionNode = FALSE
	EndGlobalSection
	GlobalSection(ExtensibilityGlobals) = postSolution
		SolutionGuid = {6F20B1B6-C807-4A29-81E5-99A4BAD00620}
	EndGlobalSection
EndGlobal
